// !$*UTF8*$!
{
	archiveVersion = 1;
	classes = {
	};
	objectVersion = 50;
	objects = {

/* Begin PBXBuildFile section */
		A44436D421CC9105009DD66F /* AppDelegate.swift in Sources */ = {isa = PBXBuildFile; fileRef = A44436D321CC9105009DD66F /* AppDelegate.swift */; };
		A44436D621CC9105009DD66F /* ViewController.swift in Sources */ = {isa = PBXBuildFile; fileRef = A44436D521CC9105009DD66F /* ViewController.swift */; };
		A44436D921CC9105009DD66F /* Main.storyboard in Resources */ = {isa = PBXBuildFile; fileRef = A44436D721CC9105009DD66F /* Main.storyboard */; };
		A44436DB21CC9106009DD66F /* Assets.xcassets in Resources */ = {isa = PBXBuildFile; fileRef = A44436DA21CC9106009DD66F /* Assets.xcassets */; };
		A44436DE21CC9106009DD66F /* LaunchScreen.storyboard in Resources */ = {isa = PBXBuildFile; fileRef = A44436DC21CC9106009DD66F /* LaunchScreen.storyboard */; };
		A44436E721CC91D7009DD66F /* InstitutionOneRowTableViewCell.swift in Sources */ = {isa = PBXBuildFile; fileRef = A44436E521CC91D7009DD66F /* InstitutionOneRowTableViewCell.swift */; };
		A44436E821CC91D7009DD66F /* InstitutionOneRowTableViewCell.xib in Resources */ = {isa = PBXBuildFile; fileRef = A44436E621CC91D7009DD66F /* InstitutionOneRowTableViewCell.xib */; };
		A44436EB21CC91F1009DD66F /* InstitutionTwoRowsTableViewCell.swift in Sources */ = {isa = PBXBuildFile; fileRef = A44436E921CC91F1009DD66F /* InstitutionTwoRowsTableViewCell.swift */; };
		A44436EC21CC91F1009DD66F /* InstitutionTwoRowsTableViewCell.xib in Resources */ = {isa = PBXBuildFile; fileRef = A44436EA21CC91F1009DD66F /* InstitutionTwoRowsTableViewCell.xib */; };
		A44436EE21CCD6C5009DD66F /* TwoTableViewController.swift in Sources */ = {isa = PBXBuildFile; fileRef = A44436ED21CCD6C5009DD66F /* TwoTableViewController.swift */; };
		CEF2188B1EBB33ACB75FCCA4 /* Pods_SearchKeywordViewPractice.framework in Frameworks */ = {isa = PBXBuildFile; fileRef = 93B88323F64F0377F8A401DF /* Pods_SearchKeywordViewPractice.framework */; };
/* End PBXBuildFile section */

/* Begin PBXFileReference section */
		02B2DD2C1AE72ACC55E82E02 /* Pods-SearchKeywordViewPractice.release.xcconfig */ = {isa = PBXFileReference; includeInIndex = 1; lastKnownFileType = text.xcconfig; name = "Pods-SearchKeywordViewPractice.release.xcconfig"; path = "Pods/Target Support Files/Pods-SearchKeywordViewPractice/Pods-SearchKeywordViewPractice.release.xcconfig"; sourceTree = "<group>"; };
		93B88323F64F0377F8A401DF /* Pods_SearchKeywordViewPractice.framework */ = {isa = PBXFileReference; explicitFileType = wrapper.framework; includeInIndex = 0; path = Pods_SearchKeywordViewPractice.framework; sourceTree = BUILT_PRODUCTS_DIR; };
		A44436D021CC9105009DD66F /* SearchKeywordViewPractice.app */ = {isa = PBXFileReference; explicitFileType = wrapper.application; includeInIndex = 0; path = SearchKeywordViewPractice.app; sourceTree = BUILT_PRODUCTS_DIR; };
		A44436D321CC9105009DD66F /* AppDelegate.swift */ = {isa = PBXFileReference; lastKnownFileType = sourcecode.swift; path = AppDelegate.swift; sourceTree = "<group>"; };
		A44436D521CC9105009DD66F /* ViewController.swift */ = {isa = PBXFileReference; lastKnownFileType = sourcecode.swift; path = ViewController.swift; sourceTree = "<group>"; };
		A44436D821CC9105009DD66F /* Base */ = {isa = PBXFileReference; lastKnownFileType = file.storyboard; name = Base; path = Base.lproj/Main.storyboard; sourceTree = "<group>"; };
		A44436DA21CC9106009DD66F /* Assets.xcassets */ = {isa = PBXFileReference; lastKnownFileType = folder.assetcatalog; path = Assets.xcassets; sourceTree = "<group>"; };
		A44436DD21CC9106009DD66F /* Base */ = {isa = PBXFileReference; lastKnownFileType = file.storyboard; name = Base; path = Base.lproj/LaunchScreen.storyboard; sourceTree = "<group>"; };
		A44436DF21CC9106009DD66F /* Info.plist */ = {isa = PBXFileReference; lastKnownFileType = text.plist.xml; path = Info.plist; sourceTree = "<group>"; };
		A44436E521CC91D7009DD66F /* InstitutionOneRowTableViewCell.swift */ = {isa = PBXFileReference; lastKnownFileType = sourcecode.swift; path = InstitutionOneRowTableViewCell.swift; sourceTree = "<group>"; };
		A44436E621CC91D7009DD66F /* InstitutionOneRowTableViewCell.xib */ = {isa = PBXFileReference; lastKnownFileType = file.xib; path = InstitutionOneRowTableViewCell.xib; sourceTree = "<group>"; };
		A44436E921CC91F1009DD66F /* InstitutionTwoRowsTableViewCell.swift */ = {isa = PBXFileReference; lastKnownFileType = sourcecode.swift; path = InstitutionTwoRowsTableViewCell.swift; sourceTree = "<group>"; };
		A44436EA21CC91F1009DD66F /* InstitutionTwoRowsTableViewCell.xib */ = {isa = PBXFileReference; lastKnownFileType = file.xib; path = InstitutionTwoRowsTableViewCell.xib; sourceTree = "<group>"; };
		A44436ED21CCD6C5009DD66F /* TwoTableViewController.swift */ = {isa = PBXFileReference; lastKnownFileType = sourcecode.swift; path = TwoTableViewController.swift; sourceTree = "<group>"; };
		F28BAECA979CA939630C2DDA /* Pods-SearchKeywordViewPractice.debug.xcconfig */ = {isa = PBXFileReference; includeInIndex = 1; lastKnownFileType = text.xcconfig; name = "Pods-SearchKeywordViewPractice.debug.xcconfig"; path = "Pods/Target Support Files/Pods-SearchKeywordViewPractice/Pods-SearchKeywordViewPractice.debug.xcconfig"; sourceTree = "<group>"; };
/* End PBXFileReference section */

/* Begin PBXFrameworksBuildPhase section */
		A44436CD21CC9105009DD66F /* Frameworks */ = {
			isa = PBXFrameworksBuildPhase;
			buildActionMask = 2147483647;
			files = (
				CEF2188B1EBB33ACB75FCCA4 /* Pods_SearchKeywordViewPractice.framework in Frameworks */,
			);
			runOnlyForDeploymentPostprocessing = 0;
		};
/* End PBXFrameworksBuildPhase section */

/* Begin PBXGroup section */
		86C8D66353ECA250FBD91874 /* Frameworks */ = {
			isa = PBXGroup;
			children = (
				93B88323F64F0377F8A401DF /* Pods_SearchKeywordViewPractice.framework */,
			);
			name = Frameworks;
			sourceTree = "<group>";
		};
		91629550098FFEC1AF9D2486 /* Pods */ = {
			isa = PBXGroup;
			children = (
				F28BAECA979CA939630C2DDA /* Pods-SearchKeywordViewPractice.debug.xcconfig */,
				02B2DD2C1AE72ACC55E82E02 /* Pods-SearchKeywordViewPractice.release.xcconfig */,
			);
			name = Pods;
			sourceTree = "<group>";
		};
		A44436C721CC9105009DD66F = {
			isa = PBXGroup;
			children = (
				A44436D221CC9105009DD66F /* SearchKeywordViewPractice */,
				A44436D121CC9105009DD66F /* Products */,
				91629550098FFEC1AF9D2486 /* Pods */,
				86C8D66353ECA250FBD91874 /* Frameworks */,
			);
			sourceTree = "<group>";
		};
		A44436D121CC9105009DD66F /* Products */ = {
			isa = PBXGroup;
			children = (
				A44436D021CC9105009DD66F /* SearchKeywordViewPractice.app */,
			);
			name = Products;
			sourceTree = "<group>";
		};
		A44436D221CC9105009DD66F /* SearchKeywordViewPractice */ = {
			isa = PBXGroup;
			children = (
				A44436D321CC9105009DD66F /* AppDelegate.swift */,
				A44436D521CC9105009DD66F /* ViewController.swift */,
				A44436D721CC9105009DD66F /* Main.storyboard */,
				A44436E521CC91D7009DD66F /* InstitutionOneRowTableViewCell.swift */,
				A44436E621CC91D7009DD66F /* InstitutionOneRowTableViewCell.xib */,
				A44436E921CC91F1009DD66F /* InstitutionTwoRowsTableViewCell.swift */,
				A44436EA21CC91F1009DD66F /* InstitutionTwoRowsTableViewCell.xib */,
				A44436DA21CC9106009DD66F /* Assets.xcassets */,
				A44436DC21CC9106009DD66F /* LaunchScreen.storyboard */,
				A44436DF21CC9106009DD66F /* Info.plist */,
				A44436ED21CCD6C5009DD66F /* TwoTableViewController.swift */,
			);
			path = SearchKeywordViewPractice;
			sourceTree = "<group>";
		};
/* End PBXGroup section */

/* Begin PBXNativeTarget section */
		A44436CF21CC9105009DD66F /* SearchKeywordViewPractice */ = {
			isa = PBXNativeTarget;
			buildConfigurationList = A44436E221CC9106009DD66F /* Build configuration list for PBXNativeTarget "SearchKeywordViewPractice" */;
			buildPhases = (
				54370963200F53A0FFFC6DD7 /* [CP] Check Pods Manifest.lock */,
				A44436CC21CC9105009DD66F /* Sources */,
				A44436CD21CC9105009DD66F /* Frameworks */,
				A44436CE21CC9105009DD66F /* Resources */,
				6B52B15679C0466AC114515E /* [CP] Embed Pods Frameworks */,
			);
			buildRules = (
			);
			dependencies = (
			);
			name = SearchKeywordViewPractice;
			productName = SearchKeywordViewPractice;
			productReference = A44436D021CC9105009DD66F /* SearchKeywordViewPractice.app */;
			productType = "com.apple.product-type.application";
		};
/* End PBXNativeTarget section */

/* Begin PBXProject section */
		A44436C821CC9105009DD66F /* Project object */ = {
			isa = PBXProject;
			attributes = {
				LastSwiftUpdateCheck = 1010;
				LastUpgradeCheck = 1010;
				ORGANIZATIONNAME = "藤田和磨";
				TargetAttributes = {
					A44436CF21CC9105009DD66F = {
						CreatedOnToolsVersion = 10.1;
					};
				};
			};
			buildConfigurationList = A44436CB21CC9105009DD66F /* Build configuration list for PBXProject "SearchKeywordViewPractice" */;
			compatibilityVersion = "Xcode 9.3";
			developmentRegion = en;
			hasScannedForEncodings = 0;
			knownRegions = (
				en,
				Base,
			);
			mainGroup = A44436C721CC9105009DD66F;
			productRefGroup = A44436D121CC9105009DD66F /* Products */;
			projectDirPath = "";
			projectRoot = "";
			targets = (
				A44436CF21CC9105009DD66F /* SearchKeywordViewPractice */,
			);
		};
/* End PBXProject section */

/* Begin PBXResourcesBuildPhase section */
		A44436CE21CC9105009DD66F /* Resources */ = {
			isa = PBXResourcesBuildPhase;
			buildActionMask = 2147483647;
			files = (
				A44436DE21CC9106009DD66F /* LaunchScreen.storyboard in Resources */,
				A44436DB21CC9106009DD66F /* Assets.xcassets in Resources */,
				A44436EC21CC91F1009DD66F /* InstitutionTwoRowsTableViewCell.xib in Resources */,
				A44436E821CC91D7009DD66F /* InstitutionOneRowTableViewCell.xib in Resources */,
				A44436D921CC9105009DD66F /* Main.storyboard in Resources */,
			);
			runOnlyForDeploymentPostprocessing = 0;
		};
/* End PBXResourcesBuildPhase section */

/* Begin PBXShellScriptBuildPhase section */
		54370963200F53A0FFFC6DD7 /* [CP] Check Pods Manifest.lock */ = {
			isa = PBXShellScriptBuildPhase;
			buildActionMask = 2147483647;
			files = (
			);
			inputFileListPaths = (
			);
			inputPaths = (
				"${PODS_PODFILE_DIR_PATH}/Podfile.lock",
				"${PODS_ROOT}/Manifest.lock",
			);
			name = "[CP] Check Pods Manifest.lock";
			outputFileListPaths = (
			);
			outputPaths = (
				"$(DERIVED_FILE_DIR)/Pods-SearchKeywordViewPractice-checkManifestLockResult.txt",
			);
			runOnlyForDeploymentPostprocessing = 0;
			shellPath = /bin/sh;
			shellScript = "diff \"${PODS_PODFILE_DIR_PATH}/Podfile.lock\" \"${PODS_ROOT}/Manifest.lock\" > /dev/null\nif [ $? != 0 ] ; then\n    # print error to STDERR\n    echo \"error: The sandbox is not in sync with the Podfile.lock. Run 'pod install' or update your CocoaPods installation.\" >&2\n    exit 1\nfi\n# This output is used by Xcode 'outputs' to avoid re-running this script phase.\necho \"SUCCESS\" > \"${SCRIPT_OUTPUT_FILE_0}\"\n";
			showEnvVarsInLog = 0;
		};
		6B52B15679C0466AC114515E /* [CP] Embed Pods Frameworks */ = {
			isa = PBXShellScriptBuildPhase;
			buildActionMask = 2147483647;
			files = (
			);
			inputFileListPaths = (
			);
			inputPaths = (
				"${SRCROOT}/Pods/Target Support Files/Pods-SearchKeywordViewPractice/Pods-SearchKeywordViewPractice-frameworks.sh",
				"${BUILT_PRODUCTS_DIR}/CHIPageControl/CHIPageControl.framework",
				"${BUILT_PRODUCTS_DIR}/FSPagerView/FSPagerView.framework",
				"${BUILT_PRODUCTS_DIR}/Hero/Hero.framework",
				"${BUILT_PRODUCTS_DIR}/MDFInternationalization/MDFInternationalization.framework",
				"${BUILT_PRODUCTS_DIR}/MDFTextAccessibility/MDFTextAccessibility.framework",
				"${BUILT_PRODUCTS_DIR}/MaterialComponents/MaterialComponents.framework",
				"${BUILT_PRODUCTS_DIR}/MotionAnimator/MotionAnimator.framework",
				"${BUILT_PRODUCTS_DIR}/MotionInterchange/MotionInterchange.framework",
				"${BUILT_PRODUCTS_DIR}/MotionTransitioning/MotionTransitioning.framework",
			);
			name = "[CP] Embed Pods Frameworks";
			outputFileListPaths = (
			);
			outputPaths = (
				"${TARGET_BUILD_DIR}/${FRAMEWORKS_FOLDER_PATH}/CHIPageControl.framework",
				"${TARGET_BUILD_DIR}/${FRAMEWORKS_FOLDER_PATH}/FSPagerView.framework",
				"${TARGET_BUILD_DIR}/${FRAMEWORKS_FOLDER_PATH}/Hero.framework",
				"${TARGET_BUILD_DIR}/${FRAMEWORKS_FOLDER_PATH}/MDFInternationalization.framework",
				"${TARGET_BUILD_DIR}/${FRAMEWORKS_FOLDER_PATH}/MDFTextAccessibility.framework",
				"${TARGET_BUILD_DIR}/${FRAMEWORKS_FOLDER_PATH}/MaterialComponents.framework",
				"${TARGET_BUILD_DIR}/${FRAMEWORKS_FOLDER_PATH}/MotionAnimator.framework",
				"${TARGET_BUILD_DIR}/${FRAMEWORKS_FOLDER_PATH}/MotionInterchange.framework",
				"${TARGET_BUILD_DIR}/${FRAMEWORKS_FOLDER_PATH}/MotionTransitioning.framework",
			);
			runOnlyForDeploymentPostprocessing = 0;
			shellPath = /bin/sh;
			shellScript = "\"${SRCROOT}/Pods/Target Support Files/Pods-SearchKeywordViewPractice/Pods-SearchKeywordViewPractice-frameworks.sh\"\n";
			showEnvVarsInLog = 0;
		};
/* End PBXShellScriptBuildPhase section */

/* Begin PBXSourcesBuildPhase section */
		A44436CC21CC9105009DD66F /* Sources */ = {
			isa = PBXSourcesBuildPhase;
			buildActionMask = 2147483647;
			files = (
				A44436D621CC9105009DD66F /* ViewController.swift in Sources */,
				A44436D421CC9105009DD66F /* AppDelegate.swift in Sources */,
				A44436EE21CCD6C5009DD66F /* TwoTableViewController.swift in Sources */,
				A44436EB21CC91F1009DD66F /* InstitutionTwoRowsTableViewCell.swift in Sources */,
				A44436E721CC91D7009DD66F /* InstitutionOneRowTableViewCell.swift in Sources */,
			);
			runOnlyForDeploymentPostprocessing = 0;
		};
/* End PBXSourcesBuildPhase section */

/* Begin PBXVariantGroup section */
		A44436D721CC9105009DD66F /* Main.storyboard */ = {
			isa = PBXVariantGroup;
			children = (
				A44436D821CC9105009DD66F /* Base */,
			);
			name = Main.storyboard;
			sourceTree = "<group>";
		};
		A44436DC21CC9106009DD66F /* LaunchScreen.storyboard */ = {
			isa = PBXVariantGroup;
			children = (
				A44436DD21CC9106009DD66F /* Base */,
			);
			name = LaunchScreen.storyboard;
			sourceTree = "<group>";
		};
/* End PBXVariantGroup section */

/* Begin XCBuildConfiguration section */
		A44436E021CC9106009DD66F /* Debug */ = {
			isa = XCBuildConfiguration;
			buildSettings = {
				ALWAYS_SEARCH_USER_PATHS = NO;
				CLANG_ANALYZER_NONNULL = YES;
				CLANG_ANALYZER_NUMBER_OBJECT_CONVERSION = YES_AGGRESSIVE;
				CLANG_CXX_LANGUAGE_STANDARD = "gnu++14";
				CLANG_CXX_LIBRARY = "libc++";
				CLANG_ENABLE_MODULES = YES;
				CLANG_ENABLE_OBJC_ARC = YES;
				CLANG_ENABLE_OBJC_WEAK = YES;
				CLANG_WARN_BLOCK_CAPTURE_AUTORELEASING = YES;
				CLANG_WARN_BOOL_CONVERSION = YES;
				CLANG_WARN_COMMA = YES;
				CLANG_WARN_CONSTANT_CONVERSION = YES;
				CLANG_WARN_DEPRECATED_OBJC_IMPLEMENTATIONS = YES;
				CLANG_WARN_DIRECT_OBJC_ISA_USAGE = YES_ERROR;
				CLANG_WARN_DOCUMENTATION_COMMENTS = YES;
				CLANG_WARN_EMPTY_BODY = YES;
				CLANG_WARN_ENUM_CONVERSION = YES;
				CLANG_WARN_INFINITE_RECURSION = YES;
				CLANG_WARN_INT_CONVERSION = YES;
				CLANG_WARN_NON_LITERAL_NULL_CONVERSION = YES;
				CLANG_WARN_OBJC_IMPLICIT_RETAIN_SELF = YES;
				CLANG_WARN_OBJC_LITERAL_CONVERSION = YES;
				CLANG_WARN_OBJC_ROOT_CLASS = YES_ERROR;
				CLANG_WARN_RANGE_LOOP_ANALYSIS = YES;
				CLANG_WARN_STRICT_PROTOTYPES = YES;
				CLANG_WARN_SUSPICIOUS_MOVE = YES;
				CLANG_WARN_UNGUARDED_AVAILABILITY = YES_AGGRESSIVE;
				CLANG_WARN_UNREACHABLE_CODE = YES;
				CLANG_WARN__DUPLICATE_METHOD_MATCH = YES;
				CODE_SIGN_IDENTITY = "iPhone Developer";
				COPY_PHASE_STRIP = NO;
				DEBUG_INFORMATION_FORMAT = dwarf;
				ENABLE_STRICT_OBJC_MSGSEND = YES;
				ENABLE_TESTABILITY = YES;
				GCC_C_LANGUAGE_STANDARD = gnu11;
				GCC_DYNAMIC_NO_PIC = NO;
				GCC_NO_COMMON_BLOCKS = YES;
				GCC_OPTIMIZATION_LEVEL = 0;
				GCC_PREPROCESSOR_DEFINITIONS = (
					"DEBUG=1",
					"$(inherited)",
				);
				GCC_WARN_64_TO_32_BIT_CONVERSION = YES;
				GCC_WARN_ABOUT_RETURN_TYPE = YES_ERROR;
				GCC_WARN_UNDECLARED_SELECTOR = YES;
				GCC_WARN_UNINITIALIZED_AUTOS = YES_AGGRESSIVE;
				GCC_WARN_UNUSED_FUNCTION = YES;
				GCC_WARN_UNUSED_VARIABLE = YES;
				IPHONEOS_DEPLOYMENT_TARGET = 12.1;
				MTL_ENABLE_DEBUG_INFO = INCLUDE_SOURCE;
				MTL_FAST_MATH = YES;
				ONLY_ACTIVE_ARCH = YES;
				SDKROOT = iphoneos;
				SWIFT_ACTIVE_COMPILATION_CONDITIONS = DEBUG;
				SWIFT_OPTIMIZATION_LEVEL = "-Onone";
			};
			name = Debug;
		};
		A44436E121CC9106009DD66F /* Release */ = {
			isa = XCBuildConfiguration;
			buildSettings = {
				ALWAYS_SEARCH_USER_PATHS = NO;
				CLANG_ANALYZER_NONNULL = YES;
				CLANG_ANALYZER_NUMBER_OBJECT_CONVERSION = YES_AGGRESSIVE;
				CLANG_CXX_LANGUAGE_STANDARD = "gnu++14";
				CLANG_CXX_LIBRARY = "libc++";
				CLANG_ENABLE_MODULES = YES;
				CLANG_ENABLE_OBJC_ARC = YES;
				CLANG_ENABLE_OBJC_WEAK = YES;
				CLANG_WARN_BLOCK_CAPTURE_AUTORELEASING = YES;
				CLANG_WARN_BOOL_CONVERSION = YES;
				CLANG_WARN_COMMA = YES;
				CLANG_WARN_CONSTANT_CONVERSION = YES;
				CLANG_WARN_DEPRECATED_OBJC_IMPLEMENTATIONS = YES;
				CLANG_WARN_DIRECT_OBJC_ISA_USAGE = YES_ERROR;
				CLANG_WARN_DOCUMENTATION_COMMENTS = YES;
				CLANG_WARN_EMPTY_BODY = YES;
				CLANG_WARN_ENUM_CONVERSION = YES;
				CLANG_WARN_INFINITE_RECURSION = YES;
				CLANG_WARN_INT_CONVERSION = YES;
				CLANG_WARN_NON_LITERAL_NULL_CONVERSION = YES;
				CLANG_WARN_OBJC_IMPLICIT_RETAIN_SELF = YES;
				CLANG_WARN_OBJC_LITERAL_CONVERSION = YES;
				CLANG_WARN_OBJC_ROOT_CLASS = YES_ERROR;
				CLANG_WARN_RANGE_LOOP_ANALYSIS = YES;
				CLANG_WARN_STRICT_PROTOTYPES = YES;
				CLANG_WARN_SUSPICIOUS_MOVE = YES;
				CLANG_WARN_UNGUARDED_AVAILABILITY = YES_AGGRESSIVE;
				CLANG_WARN_UNREACHABLE_CODE = YES;
				CLANG_WARN__DUPLICATE_METHOD_MATCH = YES;
				CODE_SIGN_IDENTITY = "iPhone Developer";
				COPY_PHASE_STRIP = NO;
				DEBUG_INFORMATION_FORMAT = "dwarf-with-dsym";
				ENABLE_NS_ASSERTIONS = NO;
				ENABLE_STRICT_OBJC_MSGSEND = YES;
				GCC_C_LANGUAGE_STANDARD = gnu11;
				GCC_NO_COMMON_BLOCKS = YES;
				GCC_WARN_64_TO_32_BIT_CONVERSION = YES;
				GCC_WARN_ABOUT_RETURN_TYPE = YES_ERROR;
				GCC_WARN_UNDECLARED_SELECTOR = YES;
				GCC_WARN_UNINITIALIZED_AUTOS = YES_AGGRESSIVE;
				GCC_WARN_UNUSED_FUNCTION = YES;
				GCC_WARN_UNUSED_VARIABLE = YES;
				IPHONEOS_DEPLOYMENT_TARGET = 12.1;
				MTL_ENABLE_DEBUG_INFO = NO;
				MTL_FAST_MATH = YES;
				SDKROOT = iphoneos;
				SWIFT_COMPILATION_MODE = wholemodule;
				SWIFT_OPTIMIZATION_LEVEL = "-O";
				VALIDATE_PRODUCT = YES;
			};
			name = Release;
		};
		A44436E321CC9106009DD66F /* Debug */ = {
			isa = XCBuildConfiguration;
			baseConfigurationReference = F28BAECA979CA939630C2DDA /* Pods-SearchKeywordViewPractice.debug.xcconfig */;
			buildSettings = {
				ASSETCATALOG_COMPILER_APPICON_NAME = AppIcon;
				CODE_SIGN_STYLE = Automatic;
				DEVELOPMENT_TEAM = WK7LW3JQ6K;
				INFOPLIST_FILE = SearchKeywordViewPractice/Info.plist;
				LD_RUNPATH_SEARCH_PATHS = (
					"$(inherited)",
					"@executable_path/Frameworks",
				);
				PRODUCT_BUNDLE_IDENTIFIER = jp.co.genova.kazuma.fujita.SearchKeywordViewPractice;
				PRODUCT_NAME = "$(TARGET_NAME)";
				SWIFT_VERSION = 4.2;
				TARGETED_DEVICE_FAMILY = "1,2";
			};
			name = Debug;
		};
		A44436E421CC9106009DD66F /* Release */ = {
			isa = XCBuildConfiguration;
			baseConfigurationReference = 02B2DD2C1AE72ACC55E82E02 /* Pods-SearchKeywordViewPractice.release.xcconfig */;
			buildSettings = {
				ASSETCATALOG_COMPILER_APPICON_NAME = AppIcon;
				CODE_SIGN_STYLE = Automatic;
				DEVELOPMENT_TEAM = WK7LW3JQ6K;
				INFOPLIST_FILE = SearchKeywordViewPractice/Info.plist;
				LD_RUNPATH_SEARCH_PATHS = (
					"$(inherited)",
					"@executable_path/Frameworks",
				);
				PRODUCT_BUNDLE_IDENTIFIER = jp.co.genova.kazuma.fujita.SearchKeywordViewPractice;
				PRODUCT_NAME = "$(TARGET_NAME)";
				SWIFT_VERSION = 4.2;
				TARGETED_DEVICE_FAMILY = "1,2";
			};
			name = Release;
		};
/* End XCBuildConfiguration section */

/* Begin XCConfigurationList section */
		A44436CB21CC9105009DD66F /* Build configuration list for PBXProject "SearchKeywordViewPractice" */ = {
			isa = XCConfigurationList;
			buildConfigurations = (
				A44436E021CC9106009DD66F /* Debug */,
				A44436E121CC9106009DD66F /* Release */,
			);
			defaultConfigurationIsVisible = 0;
			defaultConfigurationName = Release;
		};
		A44436E221CC9106009DD66F /* Build configuration list for PBXNativeTarget "SearchKeywordViewPractice" */ = {
			isa = XCConfigurationList;
			buildConfigurations = (
				A44436E321CC9106009DD66F /* Debug */,
				A44436E421CC9106009DD66F /* Release */,
			);
			defaultConfigurationIsVisible = 0;
			defaultConfigurationName = Release;
		};
/* End XCConfigurationList section */
	};
	rootObject = A44436C821CC9105009DD66F /* Project object */;
}
